
Microsoft Visual Studio Solution File, Format Version 12.00
# Visual Studio 15
VisualStudioVersion = 15.0.28010.2050
MinimumVisualStudioVersion = 10.0.40219.1
Project("{9A19103F-16F7-4668-BE54-9A1E7A4F7556}") = "DesignPatterns", "DesignPatterns\DesignPatterns.csproj", "{A16DFF28-6330-4610-93D8-3C259896D29C}"
EndProject
Project("{2150E333-8FDC-42A3-9474-1A3956D46DE8}") = "SOLID", "SOLID", "{0B999BD3-DF05-4C15-B957-740BACAF16A8}"
EndProject
Project("{2150E333-8FDC-42A3-9474-1A3956D46DE8}") = "Creational Patterns", "Creational Patterns", "{D8C36196-4A5D-40D5-A837-31000962098C}"
EndProject
Project("{2150E333-8FDC-42A3-9474-1A3956D46DE8}") = "Structural Patterns", "Structural Patterns", "{53D3AEF2-1867-4B98-B865-DFDC2D922574}"
EndProject
Project("{2150E333-8FDC-42A3-9474-1A3956D46DE8}") = "Behavioral Patterns", "Behavioral Patterns", "{DB953A5E-CE72-4975-ADC2-2219A5CB656D}"
EndProject
Project("{9A19103F-16F7-4668-BE54-9A1E7A4F7556}") = "Abstract Factory", "Creational Patterns\Abstract Factory\Abstract Factory.csproj", "{85F8DB7B-85BB-4E44-BE6A-6F9CE3104F5F}"
EndProject
Project("{9A19103F-16F7-4668-BE54-9A1E7A4F7556}") = "Builder", "Creational Patterns\Builder\Builder.csproj", "{D25BD415-398E-4D2D-A926-2CE4BEB485DF}"
EndProject
Project("{9A19103F-16F7-4668-BE54-9A1E7A4F7556}") = "Factory Method", "Creational Patterns\Factory Method\Factory Method.csproj", "{6CF1C654-2950-4D66-9A83-9812581A4EC0}"
EndProject
Project("{9A19103F-16F7-4668-BE54-9A1E7A4F7556}") = "Prototype", "Creational Patterns\Prototype\Prototype.csproj", "{81E74C14-DF6D-4CEA-8464-975A2E1BAE38}"
EndProject
Project("{9A19103F-16F7-4668-BE54-9A1E7A4F7556}") = "Singleton", "Creational Patterns\Singleton\Singleton.csproj", "{993DA02F-33D4-47A2-8707-4AC052B4B5A5}"
EndProject
Project("{9A19103F-16F7-4668-BE54-9A1E7A4F7556}") = "Adapter", "Structural Patterns\Adapter\Adapter.csproj", "{2943D35B-4AC4-452A-9CA3-73E895663126}"
EndProject
Project("{9A19103F-16F7-4668-BE54-9A1E7A4F7556}") = "Bridge", "Structural Patterns\Bridge\Bridge.csproj", "{5389E4C3-6E73-4017-AFE0-C122C6380DF0}"
EndProject
Project("{9A19103F-16F7-4668-BE54-9A1E7A4F7556}") = "Composite", "Structural Patterns\Composite\Composite.csproj", "{441427C6-DAB8-4DDA-A0CC-C2A5F0B1442C}"
EndProject
Project("{9A19103F-16F7-4668-BE54-9A1E7A4F7556}") = "Decorator", "Structural Patterns\Decorator\Decorator.csproj", "{B9A97A5B-CEBF-46F5-8723-F12C159769E5}"
EndProject
Project("{9A19103F-16F7-4668-BE54-9A1E7A4F7556}") = "Facade", "Structural Patterns\Facade\Facade.csproj", "{328FB16F-1B8B-4261-9B57-74156063873F}"
EndProject
Project("{9A19103F-16F7-4668-BE54-9A1E7A4F7556}") = "Flyweight", "Structural Patterns\Flyweight\Flyweight.csproj", "{9A7CCF58-FDB0-47EE-90D9-27FDB608D29D}"
EndProject
Project("{9A19103F-16F7-4668-BE54-9A1E7A4F7556}") = "Proxy", "Structural Patterns\Proxy\Proxy.csproj", "{BA706098-A6EA-4D9B-A3CB-85236BC97F9F}"
EndProject
Project("{9A19103F-16F7-4668-BE54-9A1E7A4F7556}") = "Chain of Resp", "Behavioral Patterns\Chain of Resp\Chain of Resp.csproj", "{E0555DE2-B02E-4297-B3F2-9206076FA97E}"
EndProject
Project("{9A19103F-16F7-4668-BE54-9A1E7A4F7556}") = "Command", "Behavioral Patterns\Command\Command.csproj", "{0937C4AD-19BC-4FA2-9570-ADF6F61083F7}"
EndProject
Project("{9A19103F-16F7-4668-BE54-9A1E7A4F7556}") = "Interpreter", "Behavioral Patterns\Interpreter\Interpreter.csproj", "{7D0471AE-CCA0-47E4-93A9-9C0D14290575}"
EndProject
Project("{9A19103F-16F7-4668-BE54-9A1E7A4F7556}") = "Iterator", "Behavioral Patterns\Iterator\Iterator.csproj", "{CABF85E4-302F-4DA2-88C5-105554657930}"
EndProject
Project("{9A19103F-16F7-4668-BE54-9A1E7A4F7556}") = "Mediator", "Behavioral Patterns\Mediator\Mediator.csproj", "{A2378F92-2B46-4731-826A-A68DF9687263}"
EndProject
Project("{9A19103F-16F7-4668-BE54-9A1E7A4F7556}") = "Memento", "Behavioral Patterns\Memento\Memento.csproj", "{D8F36407-841B-4203-A0BC-3DCB38ED60A7}"
EndProject
Project("{9A19103F-16F7-4668-BE54-9A1E7A4F7556}") = "Observer", "Behavioral Patterns\Observer\Observer.csproj", "{5637542F-692F-484D-A3A5-5F82701AF2C6}"
EndProject
Project("{9A19103F-16F7-4668-BE54-9A1E7A4F7556}") = "State", "Behavioral Patterns\State\State.csproj", "{FA6582B1-7726-499D-9D0B-1516DA5C59FF}"
EndProject
Project("{9A19103F-16F7-4668-BE54-9A1E7A4F7556}") = "Strategy", "Behavioral Patterns\Strategy\Strategy.csproj", "{2F43CA18-E3D6-47E5-95EB-873CE404F005}"
EndProject
Project("{9A19103F-16F7-4668-BE54-9A1E7A4F7556}") = "Template Method", "Behavioral Patterns\Template Method\Template Method.csproj", "{CAB18FD0-6357-4634-95D0-CDBDDD887D9F}"
EndProject
Project("{9A19103F-16F7-4668-BE54-9A1E7A4F7556}") = "Visitor", "Behavioral Patterns\Visitor\Visitor.csproj", "{C6847A17-A0A2-44BD-9D4B-0CD17CDB47E1}"
EndProject
Project("{9A19103F-16F7-4668-BE54-9A1E7A4F7556}") = "Solid Design Pattern", "SOLID\Solid Design Pattern.csproj", "{7606A095-453A-4C53-9827-6D5487249A59}"
EndProject
Project("{2150E333-8FDC-42A3-9474-1A3956D46DE8}") = "Singleton", "Singleton", "{F1D99A58-FF4F-4E2A-A529-1BAEC10CDFFC}"
EndProject
Project("{2150E333-8FDC-42A3-9474-1A3956D46DE8}") = "Abstract Factory", "Abstract Factory", "{8080F055-9E73-4743-ACBD-B324C78AAA5B}"
EndProject
Project("{2150E333-8FDC-42A3-9474-1A3956D46DE8}") = "Builder", "Builder", "{2A4F1E2D-EBF6-4995-860C-BD44B6F08F93}"
EndProject
Project("{2150E333-8FDC-42A3-9474-1A3956D46DE8}") = "Prototype", "Prototype", "{D2446427-7F36-480E-8A3A-BF67A7F28558}"
EndProject
Project("{2150E333-8FDC-42A3-9474-1A3956D46DE8}") = "Factory Method", "Factory Method", "{658E008C-0E26-4808-9910-89167F7FFDBB}"
EndProject
Project("{2150E333-8FDC-42A3-9474-1A3956D46DE8}") = "Chain of Resp", "Chain of Resp", "{DC00B2D6-D911-457C-A1F8-C7CC69195CE3}"
EndProject
Project("{2150E333-8FDC-42A3-9474-1A3956D46DE8}") = "Command", "Command", "{72289CCE-EA46-411C-8ADF-B457268D675B}"
EndProject
Project("{2150E333-8FDC-42A3-9474-1A3956D46DE8}") = "Interpreter", "Interpreter", "{5847547F-2539-4A32-B09F-BC8CC98BC45B}"
EndProject
Project("{2150E333-8FDC-42A3-9474-1A3956D46DE8}") = "Iterator", "Iterator", "{4192839D-44B5-4AED-AED0-7BCD96933B45}"
EndProject
Project("{2150E333-8FDC-42A3-9474-1A3956D46DE8}") = "Mediator", "Mediator", "{0CD333E6-F106-4EF3-ADA0-8CD3FDFABDF8}"
EndProject
Project("{2150E333-8FDC-42A3-9474-1A3956D46DE8}") = "Memento", "Memento", "{33C2BD0B-CD03-4765-9A28-475DD35D9B0C}"
EndProject
Project("{2150E333-8FDC-42A3-9474-1A3956D46DE8}") = "Observer", "Observer", "{49F8067B-922F-48BC-9A28-FE467AE5450B}"
EndProject
Project("{2150E333-8FDC-42A3-9474-1A3956D46DE8}") = "State", "State", "{6AB75BBC-A50F-496A-BB77-4264EE9CFAC8}"
EndProject
Project("{2150E333-8FDC-42A3-9474-1A3956D46DE8}") = "Strategy", "Strategy", "{1F524E65-2C69-4576-B8E5-505BC38C39F0}"
EndProject
Project("{2150E333-8FDC-42A3-9474-1A3956D46DE8}") = "Template Method", "Template Method", "{59B396E1-F1D4-46F3-BAD5-4C278F2C122E}"
EndProject
Project("{2150E333-8FDC-42A3-9474-1A3956D46DE8}") = "Visitor", "Visitor", "{E9B092F5-E213-4266-BB8C-DCA62138D212}"
EndProject
Project("{2150E333-8FDC-42A3-9474-1A3956D46DE8}") = "Adapter", "Adapter", "{5768C486-CF46-445D-8668-FE5B290AF7FD}"
EndProject
Project("{2150E333-8FDC-42A3-9474-1A3956D46DE8}") = "Bridge", "Bridge", "{59FC1146-7937-428A-9184-2CBC07AC5672}"
EndProject
Project("{2150E333-8FDC-42A3-9474-1A3956D46DE8}") = "Composite", "Composite", "{6BB5DFB3-B646-4470-827E-FFE15FF47EF6}"
EndProject
Project("{2150E333-8FDC-42A3-9474-1A3956D46DE8}") = "Decorator", "Decorator", "{619192D8-14F7-4C0F-AD87-13E7C99A7799}"
EndProject
Project("{2150E333-8FDC-42A3-9474-1A3956D46DE8}") = "Facade", "Facade", "{84D294A8-ABB4-44BA-A680-27868B34C689}"
EndProject
Project("{2150E333-8FDC-42A3-9474-1A3956D46DE8}") = "Flyweight", "Flyweight", "{689F618E-919F-403F-9DDA-C68BC767FF58}"
EndProject
Project("{2150E333-8FDC-42A3-9474-1A3956D46DE8}") = "Proxy", "Proxy", "{ACA57053-354C-450B-A918-A89A71A0119B}"
EndProject
Project("{9A19103F-16F7-4668-BE54-9A1E7A4F7556}") = "SingletonNUnitTest", "Creational Patterns\SingletonMain\SingletonTest\SingletonNUnitTest.csproj", "{995E5859-5A13-477F-ACF1-AA8347F6B19E}"
EndProject
Project("{FAE04EC0-301F-11D3-BF4B-00C04F79EFBC}") = "SingletonMSTest", "Creational Patterns\SingletonMain\SingletonMSTest\SingletonMSTest.csproj", "{1C371911-0AC1-445B-B2A9-3641141B204E}"
EndProject
Project("{FAE04EC0-301F-11D3-BF4B-00C04F79EFBC}") = "SingletonXUnitTest", "Creational Patterns\SingletonMain\SingletonXUnitTest\SingletonXUnitTest.csproj", "{65EF7407-6614-4363-94F8-BC35B1BFBC3F}"
EndProject
Global
	GlobalSection(SolutionConfigurationPlatforms) = preSolution
		Debug|Any CPU = Debug|Any CPU
		Release|Any CPU = Release|Any CPU
	EndGlobalSection
	GlobalSection(ProjectConfigurationPlatforms) = postSolution
		{A16DFF28-6330-4610-93D8-3C259896D29C}.Debug|Any CPU.ActiveCfg = Debug|Any CPU
		{A16DFF28-6330-4610-93D8-3C259896D29C}.Debug|Any CPU.Build.0 = Debug|Any CPU
		{A16DFF28-6330-4610-93D8-3C259896D29C}.Release|Any CPU.ActiveCfg = Release|Any CPU
		{A16DFF28-6330-4610-93D8-3C259896D29C}.Release|Any CPU.Build.0 = Release|Any CPU
		{85F8DB7B-85BB-4E44-BE6A-6F9CE3104F5F}.Debug|Any CPU.ActiveCfg = Debug|Any CPU
		{85F8DB7B-85BB-4E44-BE6A-6F9CE3104F5F}.Debug|Any CPU.Build.0 = Debug|Any CPU
		{85F8DB7B-85BB-4E44-BE6A-6F9CE3104F5F}.Release|Any CPU.ActiveCfg = Release|Any CPU
		{85F8DB7B-85BB-4E44-BE6A-6F9CE3104F5F}.Release|Any CPU.Build.0 = Release|Any CPU
		{D25BD415-398E-4D2D-A926-2CE4BEB485DF}.Debug|Any CPU.ActiveCfg = Debug|Any CPU
		{D25BD415-398E-4D2D-A926-2CE4BEB485DF}.Debug|Any CPU.Build.0 = Debug|Any CPU
		{D25BD415-398E-4D2D-A926-2CE4BEB485DF}.Release|Any CPU.ActiveCfg = Release|Any CPU
		{D25BD415-398E-4D2D-A926-2CE4BEB485DF}.Release|Any CPU.Build.0 = Release|Any CPU
		{6CF1C654-2950-4D66-9A83-9812581A4EC0}.Debug|Any CPU.ActiveCfg = Debug|Any CPU
		{6CF1C654-2950-4D66-9A83-9812581A4EC0}.Debug|Any CPU.Build.0 = Debug|Any CPU
		{6CF1C654-2950-4D66-9A83-9812581A4EC0}.Release|Any CPU.ActiveCfg = Release|Any CPU
		{6CF1C654-2950-4D66-9A83-9812581A4EC0}.Release|Any CPU.Build.0 = Release|Any CPU
		{81E74C14-DF6D-4CEA-8464-975A2E1BAE38}.Debug|Any CPU.ActiveCfg = Debug|Any CPU
		{81E74C14-DF6D-4CEA-8464-975A2E1BAE38}.Debug|Any CPU.Build.0 = Debug|Any CPU
		{81E74C14-DF6D-4CEA-8464-975A2E1BAE38}.Release|Any CPU.ActiveCfg = Release|Any CPU
		{81E74C14-DF6D-4CEA-8464-975A2E1BAE38}.Release|Any CPU.Build.0 = Release|Any CPU
		{993DA02F-33D4-47A2-8707-4AC052B4B5A5}.Debug|Any CPU.ActiveCfg = Debug|Any CPU
		{993DA02F-33D4-47A2-8707-4AC052B4B5A5}.Debug|Any CPU.Build.0 = Debug|Any CPU
		{993DA02F-33D4-47A2-8707-4AC052B4B5A5}.Release|Any CPU.ActiveCfg = Release|Any CPU
		{993DA02F-33D4-47A2-8707-4AC052B4B5A5}.Release|Any CPU.Build.0 = Release|Any CPU
		{2943D35B-4AC4-452A-9CA3-73E895663126}.Debug|Any CPU.ActiveCfg = Debug|Any CPU
		{2943D35B-4AC4-452A-9CA3-73E895663126}.Debug|Any CPU.Build.0 = Debug|Any CPU
		{2943D35B-4AC4-452A-9CA3-73E895663126}.Release|Any CPU.ActiveCfg = Release|Any CPU
		{2943D35B-4AC4-452A-9CA3-73E895663126}.Release|Any CPU.Build.0 = Release|Any CPU
		{5389E4C3-6E73-4017-AFE0-C122C6380DF0}.Debug|Any CPU.ActiveCfg = Debug|Any CPU
		{5389E4C3-6E73-4017-AFE0-C122C6380DF0}.Debug|Any CPU.Build.0 = Debug|Any CPU
		{5389E4C3-6E73-4017-AFE0-C122C6380DF0}.Release|Any CPU.ActiveCfg = Release|Any CPU
		{5389E4C3-6E73-4017-AFE0-C122C6380DF0}.Release|Any CPU.Build.0 = Release|Any CPU
		{441427C6-DAB8-4DDA-A0CC-C2A5F0B1442C}.Debug|Any CPU.ActiveCfg = Debug|Any CPU
		{441427C6-DAB8-4DDA-A0CC-C2A5F0B1442C}.Debug|Any CPU.Build.0 = Debug|Any CPU
		{441427C6-DAB8-4DDA-A0CC-C2A5F0B1442C}.Release|Any CPU.ActiveCfg = Release|Any CPU
		{441427C6-DAB8-4DDA-A0CC-C2A5F0B1442C}.Release|Any CPU.Build.0 = Release|Any CPU
		{B9A97A5B-CEBF-46F5-8723-F12C159769E5}.Debug|Any CPU.ActiveCfg = Debug|Any CPU
		{B9A97A5B-CEBF-46F5-8723-F12C159769E5}.Debug|Any CPU.Build.0 = Debug|Any CPU
		{B9A97A5B-CEBF-46F5-8723-F12C159769E5}.Release|Any CPU.ActiveCfg = Release|Any CPU
		{B9A97A5B-CEBF-46F5-8723-F12C159769E5}.Release|Any CPU.Build.0 = Release|Any CPU
		{328FB16F-1B8B-4261-9B57-74156063873F}.Debug|Any CPU.ActiveCfg = Debug|Any CPU
		{328FB16F-1B8B-4261-9B57-74156063873F}.Debug|Any CPU.Build.0 = Debug|Any CPU
		{328FB16F-1B8B-4261-9B57-74156063873F}.Release|Any CPU.ActiveCfg = Release|Any CPU
		{328FB16F-1B8B-4261-9B57-74156063873F}.Release|Any CPU.Build.0 = Release|Any CPU
		{9A7CCF58-FDB0-47EE-90D9-27FDB608D29D}.Debug|Any CPU.ActiveCfg = Debug|Any CPU
		{9A7CCF58-FDB0-47EE-90D9-27FDB608D29D}.Debug|Any CPU.Build.0 = Debug|Any CPU
		{9A7CCF58-FDB0-47EE-90D9-27FDB608D29D}.Release|Any CPU.ActiveCfg = Release|Any CPU
		{9A7CCF58-FDB0-47EE-90D9-27FDB608D29D}.Release|Any CPU.Build.0 = Release|Any CPU
		{BA706098-A6EA-4D9B-A3CB-85236BC97F9F}.Debug|Any CPU.ActiveCfg = Debug|Any CPU
		{BA706098-A6EA-4D9B-A3CB-85236BC97F9F}.Debug|Any CPU.Build.0 = Debug|Any CPU
		{BA706098-A6EA-4D9B-A3CB-85236BC97F9F}.Release|Any CPU.ActiveCfg = Release|Any CPU
		{BA706098-A6EA-4D9B-A3CB-85236BC97F9F}.Release|Any CPU.Build.0 = Release|Any CPU
		{E0555DE2-B02E-4297-B3F2-9206076FA97E}.Debug|Any CPU.ActiveCfg = Debug|Any CPU
		{E0555DE2-B02E-4297-B3F2-9206076FA97E}.Debug|Any CPU.Build.0 = Debug|Any CPU
		{E0555DE2-B02E-4297-B3F2-9206076FA97E}.Release|Any CPU.ActiveCfg = Release|Any CPU
		{E0555DE2-B02E-4297-B3F2-9206076FA97E}.Release|Any CPU.Build.0 = Release|Any CPU
		{0937C4AD-19BC-4FA2-9570-ADF6F61083F7}.Debug|Any CPU.ActiveCfg = Debug|Any CPU
		{0937C4AD-19BC-4FA2-9570-ADF6F61083F7}.Debug|Any CPU.Build.0 = Debug|Any CPU
		{0937C4AD-19BC-4FA2-9570-ADF6F61083F7}.Release|Any CPU.ActiveCfg = Release|Any CPU
		{0937C4AD-19BC-4FA2-9570-ADF6F61083F7}.Release|Any CPU.Build.0 = Release|Any CPU
		{7D0471AE-CCA0-47E4-93A9-9C0D14290575}.Debug|Any CPU.ActiveCfg = Debug|Any CPU
		{7D0471AE-CCA0-47E4-93A9-9C0D14290575}.Debug|Any CPU.Build.0 = Debug|Any CPU
		{7D0471AE-CCA0-47E4-93A9-9C0D14290575}.Release|Any CPU.ActiveCfg = Release|Any CPU
		{7D0471AE-CCA0-47E4-93A9-9C0D14290575}.Release|Any CPU.Build.0 = Release|Any CPU
		{CABF85E4-302F-4DA2-88C5-105554657930}.Debug|Any CPU.ActiveCfg = Debug|Any CPU
		{CABF85E4-302F-4DA2-88C5-105554657930}.Debug|Any CPU.Build.0 = Debug|Any CPU
		{CABF85E4-302F-4DA2-88C5-105554657930}.Release|Any CPU.ActiveCfg = Release|Any CPU
		{CABF85E4-302F-4DA2-88C5-105554657930}.Release|Any CPU.Build.0 = Release|Any CPU
		{A2378F92-2B46-4731-826A-A68DF9687263}.Debug|Any CPU.ActiveCfg = Debug|Any CPU
		{A2378F92-2B46-4731-826A-A68DF9687263}.Debug|Any CPU.Build.0 = Debug|Any CPU
		{A2378F92-2B46-4731-826A-A68DF9687263}.Release|Any CPU.ActiveCfg = Release|Any CPU
		{A2378F92-2B46-4731-826A-A68DF9687263}.Release|Any CPU.Build.0 = Release|Any CPU
		{D8F36407-841B-4203-A0BC-3DCB38ED60A7}.Debug|Any CPU.ActiveCfg = Debug|Any CPU
		{D8F36407-841B-4203-A0BC-3DCB38ED60A7}.Debug|Any CPU.Build.0 = Debug|Any CPU
		{D8F36407-841B-4203-A0BC-3DCB38ED60A7}.Release|Any CPU.ActiveCfg = Release|Any CPU
		{D8F36407-841B-4203-A0BC-3DCB38ED60A7}.Release|Any CPU.Build.0 = Release|Any CPU
		{5637542F-692F-484D-A3A5-5F82701AF2C6}.Debug|Any CPU.ActiveCfg = Debug|Any CPU
		{5637542F-692F-484D-A3A5-5F82701AF2C6}.Debug|Any CPU.Build.0 = Debug|Any CPU
		{5637542F-692F-484D-A3A5-5F82701AF2C6}.Release|Any CPU.ActiveCfg = Release|Any CPU
		{5637542F-692F-484D-A3A5-5F82701AF2C6}.Release|Any CPU.Build.0 = Release|Any CPU
		{FA6582B1-7726-499D-9D0B-1516DA5C59FF}.Debug|Any CPU.ActiveCfg = Debug|Any CPU
		{FA6582B1-7726-499D-9D0B-1516DA5C59FF}.Debug|Any CPU.Build.0 = Debug|Any CPU
		{FA6582B1-7726-499D-9D0B-1516DA5C59FF}.Release|Any CPU.ActiveCfg = Release|Any CPU
		{FA6582B1-7726-499D-9D0B-1516DA5C59FF}.Release|Any CPU.Build.0 = Release|Any CPU
		{2F43CA18-E3D6-47E5-95EB-873CE404F005}.Debug|Any CPU.ActiveCfg = Debug|Any CPU
		{2F43CA18-E3D6-47E5-95EB-873CE404F005}.Debug|Any CPU.Build.0 = Debug|Any CPU
		{2F43CA18-E3D6-47E5-95EB-873CE404F005}.Release|Any CPU.ActiveCfg = Release|Any CPU
		{2F43CA18-E3D6-47E5-95EB-873CE404F005}.Release|Any CPU.Build.0 = Release|Any CPU
		{CAB18FD0-6357-4634-95D0-CDBDDD887D9F}.Debug|Any CPU.ActiveCfg = Debug|Any CPU
		{CAB18FD0-6357-4634-95D0-CDBDDD887D9F}.Debug|Any CPU.Build.0 = Debug|Any CPU
		{CAB18FD0-6357-4634-95D0-CDBDDD887D9F}.Release|Any CPU.ActiveCfg = Release|Any CPU
		{CAB18FD0-6357-4634-95D0-CDBDDD887D9F}.Release|Any CPU.Build.0 = Release|Any CPU
		{C6847A17-A0A2-44BD-9D4B-0CD17CDB47E1}.Debug|Any CPU.ActiveCfg = Debug|Any CPU
		{C6847A17-A0A2-44BD-9D4B-0CD17CDB47E1}.Debug|Any CPU.Build.0 = Debug|Any CPU
		{C6847A17-A0A2-44BD-9D4B-0CD17CDB47E1}.Release|Any CPU.ActiveCfg = Release|Any CPU
		{C6847A17-A0A2-44BD-9D4B-0CD17CDB47E1}.Release|Any CPU.Build.0 = Release|Any CPU
		{7606A095-453A-4C53-9827-6D5487249A59}.Debug|Any CPU.ActiveCfg = Debug|Any CPU
		{7606A095-453A-4C53-9827-6D5487249A59}.Debug|Any CPU.Build.0 = Debug|Any CPU
		{7606A095-453A-4C53-9827-6D5487249A59}.Release|Any CPU.ActiveCfg = Release|Any CPU
		{7606A095-453A-4C53-9827-6D5487249A59}.Release|Any CPU.Build.0 = Release|Any CPU
		{995E5859-5A13-477F-ACF1-AA8347F6B19E}.Debug|Any CPU.ActiveCfg = Debug|Any CPU
		{995E5859-5A13-477F-ACF1-AA8347F6B19E}.Debug|Any CPU.Build.0 = Debug|Any CPU
		{995E5859-5A13-477F-ACF1-AA8347F6B19E}.Release|Any CPU.ActiveCfg = Release|Any CPU
		{995E5859-5A13-477F-ACF1-AA8347F6B19E}.Release|Any CPU.Build.0 = Release|Any CPU
		{1C371911-0AC1-445B-B2A9-3641141B204E}.Debug|Any CPU.ActiveCfg = Debug|Any CPU
		{1C371911-0AC1-445B-B2A9-3641141B204E}.Debug|Any CPU.Build.0 = Debug|Any CPU
		{1C371911-0AC1-445B-B2A9-3641141B204E}.Release|Any CPU.ActiveCfg = Release|Any CPU
		{1C371911-0AC1-445B-B2A9-3641141B204E}.Release|Any CPU.Build.0 = Release|Any CPU
		{65EF7407-6614-4363-94F8-BC35B1BFBC3F}.Debug|Any CPU.ActiveCfg = Debug|Any CPU
		{65EF7407-6614-4363-94F8-BC35B1BFBC3F}.Debug|Any CPU.Build.0 = Debug|Any CPU
		{65EF7407-6614-4363-94F8-BC35B1BFBC3F}.Release|Any CPU.ActiveCfg = Release|Any CPU
		{65EF7407-6614-4363-94F8-BC35B1BFBC3F}.Release|Any CPU.Build.0 = Release|Any CPU
	EndGlobalSection
	GlobalSection(SolutionProperties) = preSolution
		HideSolutionNode = FALSE
	EndGlobalSection
	GlobalSection(NestedProjects) = preSolution
		{85F8DB7B-85BB-4E44-BE6A-6F9CE3104F5F} = {8080F055-9E73-4743-ACBD-B324C78AAA5B}
		{D25BD415-398E-4D2D-A926-2CE4BEB485DF} = {2A4F1E2D-EBF6-4995-860C-BD44B6F08F93}
		{6CF1C654-2950-4D66-9A83-9812581A4EC0} = {658E008C-0E26-4808-9910-89167F7FFDBB}
		{81E74C14-DF6D-4CEA-8464-975A2E1BAE38} = {D2446427-7F36-480E-8A3A-BF67A7F28558}
		{993DA02F-33D4-47A2-8707-4AC052B4B5A5} = {F1D99A58-FF4F-4E2A-A529-1BAEC10CDFFC}
		{2943D35B-4AC4-452A-9CA3-73E895663126} = {5768C486-CF46-445D-8668-FE5B290AF7FD}
		{5389E4C3-6E73-4017-AFE0-C122C6380DF0} = {59FC1146-7937-428A-9184-2CBC07AC5672}
		{441427C6-DAB8-4DDA-A0CC-C2A5F0B1442C} = {6BB5DFB3-B646-4470-827E-FFE15FF47EF6}
		{B9A97A5B-CEBF-46F5-8723-F12C159769E5} = {619192D8-14F7-4C0F-AD87-13E7C99A7799}
		{328FB16F-1B8B-4261-9B57-74156063873F} = {84D294A8-ABB4-44BA-A680-27868B34C689}
		{9A7CCF58-FDB0-47EE-90D9-27FDB608D29D} = {689F618E-919F-403F-9DDA-C68BC767FF58}
		{BA706098-A6EA-4D9B-A3CB-85236BC97F9F} = {ACA57053-354C-450B-A918-A89A71A0119B}
		{E0555DE2-B02E-4297-B3F2-9206076FA97E} = {DC00B2D6-D911-457C-A1F8-C7CC69195CE3}
		{0937C4AD-19BC-4FA2-9570-ADF6F61083F7} = {72289CCE-EA46-411C-8ADF-B457268D675B}
		{7D0471AE-CCA0-47E4-93A9-9C0D14290575} = {5847547F-2539-4A32-B09F-BC8CC98BC45B}
		{CABF85E4-302F-4DA2-88C5-105554657930} = {4192839D-44B5-4AED-AED0-7BCD96933B45}
		{A2378F92-2B46-4731-826A-A68DF9687263} = {0CD333E6-F106-4EF3-ADA0-8CD3FDFABDF8}
		{D8F36407-841B-4203-A0BC-3DCB38ED60A7} = {33C2BD0B-CD03-4765-9A28-475DD35D9B0C}
		{5637542F-692F-484D-A3A5-5F82701AF2C6} = {49F8067B-922F-48BC-9A28-FE467AE5450B}
		{FA6582B1-7726-499D-9D0B-1516DA5C59FF} = {6AB75BBC-A50F-496A-BB77-4264EE9CFAC8}
		{2F43CA18-E3D6-47E5-95EB-873CE404F005} = {1F524E65-2C69-4576-B8E5-505BC38C39F0}
		{CAB18FD0-6357-4634-95D0-CDBDDD887D9F} = {59B396E1-F1D4-46F3-BAD5-4C278F2C122E}
		{C6847A17-A0A2-44BD-9D4B-0CD17CDB47E1} = {E9B092F5-E213-4266-BB8C-DCA62138D212}
		{7606A095-453A-4C53-9827-6D5487249A59} = {0B999BD3-DF05-4C15-B957-740BACAF16A8}
		{F1D99A58-FF4F-4E2A-A529-1BAEC10CDFFC} = {D8C36196-4A5D-40D5-A837-31000962098C}
		{8080F055-9E73-4743-ACBD-B324C78AAA5B} = {D8C36196-4A5D-40D5-A837-31000962098C}
		{2A4F1E2D-EBF6-4995-860C-BD44B6F08F93} = {D8C36196-4A5D-40D5-A837-31000962098C}
		{D2446427-7F36-480E-8A3A-BF67A7F28558} = {D8C36196-4A5D-40D5-A837-31000962098C}
		{658E008C-0E26-4808-9910-89167F7FFDBB} = {D8C36196-4A5D-40D5-A837-31000962098C}
		{DC00B2D6-D911-457C-A1F8-C7CC69195CE3} = {DB953A5E-CE72-4975-ADC2-2219A5CB656D}
		{72289CCE-EA46-411C-8ADF-B457268D675B} = {DB953A5E-CE72-4975-ADC2-2219A5CB656D}
		{5847547F-2539-4A32-B09F-BC8CC98BC45B} = {DB953A5E-CE72-4975-ADC2-2219A5CB656D}
		{4192839D-44B5-4AED-AED0-7BCD96933B45} = {DB953A5E-CE72-4975-ADC2-2219A5CB656D}
		{0CD333E6-F106-4EF3-ADA0-8CD3FDFABDF8} = {DB953A5E-CE72-4975-ADC2-2219A5CB656D}
		{33C2BD0B-CD03-4765-9A28-475DD35D9B0C} = {DB953A5E-CE72-4975-ADC2-2219A5CB656D}
		{49F8067B-922F-48BC-9A28-FE467AE5450B} = {DB953A5E-CE72-4975-ADC2-2219A5CB656D}
		{6AB75BBC-A50F-496A-BB77-4264EE9CFAC8} = {DB953A5E-CE72-4975-ADC2-2219A5CB656D}
		{1F524E65-2C69-4576-B8E5-505BC38C39F0} = {DB953A5E-CE72-4975-ADC2-2219A5CB656D}
		{59B396E1-F1D4-46F3-BAD5-4C278F2C122E} = {DB953A5E-CE72-4975-ADC2-2219A5CB656D}
		{E9B092F5-E213-4266-BB8C-DCA62138D212} = {DB953A5E-CE72-4975-ADC2-2219A5CB656D}
		{5768C486-CF46-445D-8668-FE5B290AF7FD} = {53D3AEF2-1867-4B98-B865-DFDC2D922574}
		{59FC1146-7937-428A-9184-2CBC07AC5672} = {53D3AEF2-1867-4B98-B865-DFDC2D922574}
		{6BB5DFB3-B646-4470-827E-FFE15FF47EF6} = {53D3AEF2-1867-4B98-B865-DFDC2D922574}
		{619192D8-14F7-4C0F-AD87-13E7C99A7799} = {53D3AEF2-1867-4B98-B865-DFDC2D922574}
		{84D294A8-ABB4-44BA-A680-27868B34C689} = {53D3AEF2-1867-4B98-B865-DFDC2D922574}
		{689F618E-919F-403F-9DDA-C68BC767FF58} = {53D3AEF2-1867-4B98-B865-DFDC2D922574}
		{ACA57053-354C-450B-A918-A89A71A0119B} = {53D3AEF2-1867-4B98-B865-DFDC2D922574}
		{995E5859-5A13-477F-ACF1-AA8347F6B19E} = {F1D99A58-FF4F-4E2A-A529-1BAEC10CDFFC}
		{1C371911-0AC1-445B-B2A9-3641141B204E} = {F1D99A58-FF4F-4E2A-A529-1BAEC10CDFFC}
		{65EF7407-6614-4363-94F8-BC35B1BFBC3F} = {F1D99A58-FF4F-4E2A-A529-1BAEC10CDFFC}
	EndGlobalSection
	GlobalSection(ExtensibilityGlobals) = postSolution
		SolutionGuid = {FEBB06A5-C46E-4298-96DF-D7D399431343}
	EndGlobalSection
EndGlobal
