
Microsoft Visual Studio Solution File, Format Version 12.00
# Visual Studio 15
VisualStudioVersion = 15.0.28010.2050
MinimumVisualStudioVersion = 10.0.40219.1
Project("{9A19103F-16F7-4668-BE54-9A1E7A4F7556}") = "DesignPatterns", "DesignPatterns\DesignPatterns.csproj", "{A16DFF28-6330-4610-93D8-3C259896D29C}"
EndProject
Project("{2150E333-8FDC-42A3-9474-1A3956D46DE8}") = "SOLID", "SOLID", "{0B999BD3-DF05-4C15-B957-740BACAF16A8}"
EndProject
Project("{2150E333-8FDC-42A3-9474-1A3956D46DE8}") = "Creational Patterns", "Creational Patterns", "{D8C36196-4A5D-40D5-A837-31000962098C}"
EndProject
Project("{2150E333-8FDC-42A3-9474-1A3956D46DE8}") = "Structural Patterns", "Structural Patterns", "{53D3AEF2-1867-4B98-B865-DFDC2D922574}"
EndProject
Project("{2150E333-8FDC-42A3-9474-1A3956D46DE8}") = "Behavioral Patterns", "Behavioral Patterns", "{DB953A5E-CE72-4975-ADC2-2219A5CB656D}"
EndProject
Project("{9A19103F-16F7-4668-BE54-9A1E7A4F7556}") = "Abstract Factory", "Creational Patterns\Abstract Factory\Abstract Factory.csproj", "{85F8DB7B-85BB-4E44-BE6A-6F9CE3104F5F}"
EndProject
Project("{9A19103F-16F7-4668-BE54-9A1E7A4F7556}") = "Builder", "Creational Patterns\Builder\Builder.csproj", "{D25BD415-398E-4D2D-A926-2CE4BEB485DF}"
EndProject
Project("{9A19103F-16F7-4668-BE54-9A1E7A4F7556}") = "Factory Method", "Creational Patterns\Factory Method\Factory Method.csproj", "{6CF1C654-2950-4D66-9A83-9812581A4EC0}"
EndProject
Project("{9A19103F-16F7-4668-BE54-9A1E7A4F7556}") = "Prototype", "Creational Patterns\Prototype\Prototype.csproj", "{81E74C14-DF6D-4CEA-8464-975A2E1BAE38}"
EndProject
Project("{9A19103F-16F7-4668-BE54-9A1E7A4F7556}") = "Singleton", "Creational Patterns\Singleton\Singleton.csproj", "{993DA02F-33D4-47A2-8707-4AC052B4B5A5}"
EndProject
Project("{9A19103F-16F7-4668-BE54-9A1E7A4F7556}") = "Adapter", "Structural Patterns\Adapter\Adapter.csproj", "{2943D35B-4AC4-452A-9CA3-73E895663126}"
EndProject
Project("{9A19103F-16F7-4668-BE54-9A1E7A4F7556}") = "Bridge", "Structural Patterns\Bridge\Bridge.csproj", "{5389E4C3-6E73-4017-AFE0-C122C6380DF0}"
EndProject
Project("{9A19103F-16F7-4668-BE54-9A1E7A4F7556}") = "Composite", "Structural Patterns\Composite\Composite.csproj", "{441427C6-DAB8-4DDA-A0CC-C2A5F0B1442C}"
EndProject
Project("{9A19103F-16F7-4668-BE54-9A1E7A4F7556}") = "Decorator", "Structural Patterns\Decorator\Decorator.csproj", "{B9A97A5B-CEBF-46F5-8723-F12C159769E5}"
EndProject
Project("{9A19103F-16F7-4668-BE54-9A1E7A4F7556}") = "Facade", "Structural Patterns\Facade\Facade.csproj", "{328FB16F-1B8B-4261-9B57-74156063873F}"
EndProject
Project("{9A19103F-16F7-4668-BE54-9A1E7A4F7556}") = "Flyweight", "Structural Patterns\Flyweight\Flyweight.csproj", "{9A7CCF58-FDB0-47EE-90D9-27FDB608D29D}"
EndProject
Project("{9A19103F-16F7-4668-BE54-9A1E7A4F7556}") = "Proxy", "Structural Patterns\Proxy\Proxy.csproj", "{BA706098-A6EA-4D9B-A3CB-85236BC97F9F}"
EndProject
Project("{9A19103F-16F7-4668-BE54-9A1E7A4F7556}") = "Chain of Resp", "Behavioral Patterns\Chain of Resp\Chain of Resp.csproj", "{E0555DE2-B02E-4297-B3F2-9206076FA97E}"
EndProject
Project("{9A19103F-16F7-4668-BE54-9A1E7A4F7556}") = "Command", "Behavioral Patterns\Command\Command.csproj", "{0937C4AD-19BC-4FA2-9570-ADF6F61083F7}"
EndProject
Project("{9A19103F-16F7-4668-BE54-9A1E7A4F7556}") = "Interpreter", "Behavioral Patterns\Interpreter\Interpreter.csproj", "{7D0471AE-CCA0-47E4-93A9-9C0D14290575}"
EndProject
Project("{9A19103F-16F7-4668-BE54-9A1E7A4F7556}") = "Iterator", "Behavioral Patterns\Iterator\Iterator.csproj", "{CABF85E4-302F-4DA2-88C5-105554657930}"
EndProject
Project("{9A19103F-16F7-4668-BE54-9A1E7A4F7556}") = "Mediator", "Behavioral Patterns\Mediator\Mediator.csproj", "{A2378F92-2B46-4731-826A-A68DF9687263}"
EndProject
Project("{9A19103F-16F7-4668-BE54-9A1E7A4F7556}") = "Memento", "Behavioral Patterns\Memento\Memento.csproj", "{D8F36407-841B-4203-A0BC-3DCB38ED60A7}"
EndProject
Project("{9A19103F-16F7-4668-BE54-9A1E7A4F7556}") = "Observer", "Behavioral Patterns\Observer\Observer.csproj", "{5637542F-692F-484D-A3A5-5F82701AF2C6}"
EndProject
Project("{9A19103F-16F7-4668-BE54-9A1E7A4F7556}") = "State", "Behavioral Patterns\State\State.csproj", "{FA6582B1-7726-499D-9D0B-1516DA5C59FF}"
EndProject
Project("{9A19103F-16F7-4668-BE54-9A1E7A4F7556}") = "Strategy", "Behavioral Patterns\Strategy\Strategy.csproj", "{2F43CA18-E3D6-47E5-95EB-873CE404F005}"
EndProject
Project("{9A19103F-16F7-4668-BE54-9A1E7A4F7556}") = "Template Method", "Behavioral Patterns\Template Method\Template Method.csproj", "{CAB18FD0-6357-4634-95D0-CDBDDD887D9F}"
EndProject
Project("{9A19103F-16F7-4668-BE54-9A1E7A4F7556}") = "Visitor", "Behavioral Patterns\Visitor\Visitor.csproj", "{C6847A17-A0A2-44BD-9D4B-0CD17CDB47E1}"
EndProject
Global
	GlobalSection(SolutionConfigurationPlatforms) = preSolution
		Debug|Any CPU = Debug|Any CPU
		Release|Any CPU = Release|Any CPU
	EndGlobalSection
	GlobalSection(ProjectConfigurationPlatforms) = postSolution
		{A16DFF28-6330-4610-93D8-3C259896D29C}.Debug|Any CPU.ActiveCfg = Debug|Any CPU
		{A16DFF28-6330-4610-93D8-3C259896D29C}.Debug|Any CPU.Build.0 = Debug|Any CPU
		{A16DFF28-6330-4610-93D8-3C259896D29C}.Release|Any CPU.ActiveCfg = Release|Any CPU
		{A16DFF28-6330-4610-93D8-3C259896D29C}.Release|Any CPU.Build.0 = Release|Any CPU
		{85F8DB7B-85BB-4E44-BE6A-6F9CE3104F5F}.Debug|Any CPU.ActiveCfg = Debug|Any CPU
		{85F8DB7B-85BB-4E44-BE6A-6F9CE3104F5F}.Debug|Any CPU.Build.0 = Debug|Any CPU
		{85F8DB7B-85BB-4E44-BE6A-6F9CE3104F5F}.Release|Any CPU.ActiveCfg = Release|Any CPU
		{85F8DB7B-85BB-4E44-BE6A-6F9CE3104F5F}.Release|Any CPU.Build.0 = Release|Any CPU
		{D25BD415-398E-4D2D-A926-2CE4BEB485DF}.Debug|Any CPU.ActiveCfg = Debug|Any CPU
		{D25BD415-398E-4D2D-A926-2CE4BEB485DF}.Debug|Any CPU.Build.0 = Debug|Any CPU
		{D25BD415-398E-4D2D-A926-2CE4BEB485DF}.Release|Any CPU.ActiveCfg = Release|Any CPU
		{D25BD415-398E-4D2D-A926-2CE4BEB485DF}.Release|Any CPU.Build.0 = Release|Any CPU
		{6CF1C654-2950-4D66-9A83-9812581A4EC0}.Debug|Any CPU.ActiveCfg = Debug|Any CPU
		{6CF1C654-2950-4D66-9A83-9812581A4EC0}.Debug|Any CPU.Build.0 = Debug|Any CPU
		{6CF1C654-2950-4D66-9A83-9812581A4EC0}.Release|Any CPU.ActiveCfg = Release|Any CPU
		{6CF1C654-2950-4D66-9A83-9812581A4EC0}.Release|Any CPU.Build.0 = Release|Any CPU
		{81E74C14-DF6D-4CEA-8464-975A2E1BAE38}.Debug|Any CPU.ActiveCfg = Debug|Any CPU
		{81E74C14-DF6D-4CEA-8464-975A2E1BAE38}.Debug|Any CPU.Build.0 = Debug|Any CPU
		{81E74C14-DF6D-4CEA-8464-975A2E1BAE38}.Release|Any CPU.ActiveCfg = Release|Any CPU
		{81E74C14-DF6D-4CEA-8464-975A2E1BAE38}.Release|Any CPU.Build.0 = Release|Any CPU
		{993DA02F-33D4-47A2-8707-4AC052B4B5A5}.Debug|Any CPU.ActiveCfg = Debug|Any CPU
		{993DA02F-33D4-47A2-8707-4AC052B4B5A5}.Debug|Any CPU.Build.0 = Debug|Any CPU
		{993DA02F-33D4-47A2-8707-4AC052B4B5A5}.Release|Any CPU.ActiveCfg = Release|Any CPU
		{993DA02F-33D4-47A2-8707-4AC052B4B5A5}.Release|Any CPU.Build.0 = Release|Any CPU
		{2943D35B-4AC4-452A-9CA3-73E895663126}.Debug|Any CPU.ActiveCfg = Debug|Any CPU
		{2943D35B-4AC4-452A-9CA3-73E895663126}.Debug|Any CPU.Build.0 = Debug|Any CPU
		{2943D35B-4AC4-452A-9CA3-73E895663126}.Release|Any CPU.ActiveCfg = Release|Any CPU
		{2943D35B-4AC4-452A-9CA3-73E895663126}.Release|Any CPU.Build.0 = Release|Any CPU
		{5389E4C3-6E73-4017-AFE0-C122C6380DF0}.Debug|Any CPU.ActiveCfg = Debug|Any CPU
		{5389E4C3-6E73-4017-AFE0-C122C6380DF0}.Debug|Any CPU.Build.0 = Debug|Any CPU
		{5389E4C3-6E73-4017-AFE0-C122C6380DF0}.Release|Any CPU.ActiveCfg = Release|Any CPU
		{5389E4C3-6E73-4017-AFE0-C122C6380DF0}.Release|Any CPU.Build.0 = Release|Any CPU
		{441427C6-DAB8-4DDA-A0CC-C2A5F0B1442C}.Debug|Any CPU.ActiveCfg = Debug|Any CPU
		{441427C6-DAB8-4DDA-A0CC-C2A5F0B1442C}.Debug|Any CPU.Build.0 = Debug|Any CPU
		{441427C6-DAB8-4DDA-A0CC-C2A5F0B1442C}.Release|Any CPU.ActiveCfg = Release|Any CPU
		{441427C6-DAB8-4DDA-A0CC-C2A5F0B1442C}.Release|Any CPU.Build.0 = Release|Any CPU
		{B9A97A5B-CEBF-46F5-8723-F12C159769E5}.Debug|Any CPU.ActiveCfg = Debug|Any CPU
		{B9A97A5B-CEBF-46F5-8723-F12C159769E5}.Debug|Any CPU.Build.0 = Debug|Any CPU
		{B9A97A5B-CEBF-46F5-8723-F12C159769E5}.Release|Any CPU.ActiveCfg = Release|Any CPU
		{B9A97A5B-CEBF-46F5-8723-F12C159769E5}.Release|Any CPU.Build.0 = Release|Any CPU
		{328FB16F-1B8B-4261-9B57-74156063873F}.Debug|Any CPU.ActiveCfg = Debug|Any CPU
		{328FB16F-1B8B-4261-9B57-74156063873F}.Debug|Any CPU.Build.0 = Debug|Any CPU
		{328FB16F-1B8B-4261-9B57-74156063873F}.Release|Any CPU.ActiveCfg = Release|Any CPU
		{328FB16F-1B8B-4261-9B57-74156063873F}.Release|Any CPU.Build.0 = Release|Any CPU
		{9A7CCF58-FDB0-47EE-90D9-27FDB608D29D}.Debug|Any CPU.ActiveCfg = Debug|Any CPU
		{9A7CCF58-FDB0-47EE-90D9-27FDB608D29D}.Debug|Any CPU.Build.0 = Debug|Any CPU
		{9A7CCF58-FDB0-47EE-90D9-27FDB608D29D}.Release|Any CPU.ActiveCfg = Release|Any CPU
		{9A7CCF58-FDB0-47EE-90D9-27FDB608D29D}.Release|Any CPU.Build.0 = Release|Any CPU
		{BA706098-A6EA-4D9B-A3CB-85236BC97F9F}.Debug|Any CPU.ActiveCfg = Debug|Any CPU
		{BA706098-A6EA-4D9B-A3CB-85236BC97F9F}.Debug|Any CPU.Build.0 = Debug|Any CPU
		{BA706098-A6EA-4D9B-A3CB-85236BC97F9F}.Release|Any CPU.ActiveCfg = Release|Any CPU
		{BA706098-A6EA-4D9B-A3CB-85236BC97F9F}.Release|Any CPU.Build.0 = Release|Any CPU
		{E0555DE2-B02E-4297-B3F2-9206076FA97E}.Debug|Any CPU.ActiveCfg = Debug|Any CPU
		{E0555DE2-B02E-4297-B3F2-9206076FA97E}.Debug|Any CPU.Build.0 = Debug|Any CPU
		{E0555DE2-B02E-4297-B3F2-9206076FA97E}.Release|Any CPU.ActiveCfg = Release|Any CPU
		{E0555DE2-B02E-4297-B3F2-9206076FA97E}.Release|Any CPU.Build.0 = Release|Any CPU
		{0937C4AD-19BC-4FA2-9570-ADF6F61083F7}.Debug|Any CPU.ActiveCfg = Debug|Any CPU
		{0937C4AD-19BC-4FA2-9570-ADF6F61083F7}.Debug|Any CPU.Build.0 = Debug|Any CPU
		{0937C4AD-19BC-4FA2-9570-ADF6F61083F7}.Release|Any CPU.ActiveCfg = Release|Any CPU
		{0937C4AD-19BC-4FA2-9570-ADF6F61083F7}.Release|Any CPU.Build.0 = Release|Any CPU
		{7D0471AE-CCA0-47E4-93A9-9C0D14290575}.Debug|Any CPU.ActiveCfg = Debug|Any CPU
		{7D0471AE-CCA0-47E4-93A9-9C0D14290575}.Debug|Any CPU.Build.0 = Debug|Any CPU
		{7D0471AE-CCA0-47E4-93A9-9C0D14290575}.Release|Any CPU.ActiveCfg = Release|Any CPU
		{7D0471AE-CCA0-47E4-93A9-9C0D14290575}.Release|Any CPU.Build.0 = Release|Any CPU
		{CABF85E4-302F-4DA2-88C5-105554657930}.Debug|Any CPU.ActiveCfg = Debug|Any CPU
		{CABF85E4-302F-4DA2-88C5-105554657930}.Debug|Any CPU.Build.0 = Debug|Any CPU
		{CABF85E4-302F-4DA2-88C5-105554657930}.Release|Any CPU.ActiveCfg = Release|Any CPU
		{CABF85E4-302F-4DA2-88C5-105554657930}.Release|Any CPU.Build.0 = Release|Any CPU
		{A2378F92-2B46-4731-826A-A68DF9687263}.Debug|Any CPU.ActiveCfg = Debug|Any CPU
		{A2378F92-2B46-4731-826A-A68DF9687263}.Debug|Any CPU.Build.0 = Debug|Any CPU
		{A2378F92-2B46-4731-826A-A68DF9687263}.Release|Any CPU.ActiveCfg = Release|Any CPU
		{A2378F92-2B46-4731-826A-A68DF9687263}.Release|Any CPU.Build.0 = Release|Any CPU
		{D8F36407-841B-4203-A0BC-3DCB38ED60A7}.Debug|Any CPU.ActiveCfg = Debug|Any CPU
		{D8F36407-841B-4203-A0BC-3DCB38ED60A7}.Debug|Any CPU.Build.0 = Debug|Any CPU
		{D8F36407-841B-4203-A0BC-3DCB38ED60A7}.Release|Any CPU.ActiveCfg = Release|Any CPU
		{D8F36407-841B-4203-A0BC-3DCB38ED60A7}.Release|Any CPU.Build.0 = Release|Any CPU
		{5637542F-692F-484D-A3A5-5F82701AF2C6}.Debug|Any CPU.ActiveCfg = Debug|Any CPU
		{5637542F-692F-484D-A3A5-5F82701AF2C6}.Debug|Any CPU.Build.0 = Debug|Any CPU
		{5637542F-692F-484D-A3A5-5F82701AF2C6}.Release|Any CPU.ActiveCfg = Release|Any CPU
		{5637542F-692F-484D-A3A5-5F82701AF2C6}.Release|Any CPU.Build.0 = Release|Any CPU
		{FA6582B1-7726-499D-9D0B-1516DA5C59FF}.Debug|Any CPU.ActiveCfg = Debug|Any CPU
		{FA6582B1-7726-499D-9D0B-1516DA5C59FF}.Debug|Any CPU.Build.0 = Debug|Any CPU
		{FA6582B1-7726-499D-9D0B-1516DA5C59FF}.Release|Any CPU.ActiveCfg = Release|Any CPU
		{FA6582B1-7726-499D-9D0B-1516DA5C59FF}.Release|Any CPU.Build.0 = Release|Any CPU
		{2F43CA18-E3D6-47E5-95EB-873CE404F005}.Debug|Any CPU.ActiveCfg = Debug|Any CPU
		{2F43CA18-E3D6-47E5-95EB-873CE404F005}.Debug|Any CPU.Build.0 = Debug|Any CPU
		{2F43CA18-E3D6-47E5-95EB-873CE404F005}.Release|Any CPU.ActiveCfg = Release|Any CPU
		{2F43CA18-E3D6-47E5-95EB-873CE404F005}.Release|Any CPU.Build.0 = Release|Any CPU
		{CAB18FD0-6357-4634-95D0-CDBDDD887D9F}.Debug|Any CPU.ActiveCfg = Debug|Any CPU
		{CAB18FD0-6357-4634-95D0-CDBDDD887D9F}.Debug|Any CPU.Build.0 = Debug|Any CPU
		{CAB18FD0-6357-4634-95D0-CDBDDD887D9F}.Release|Any CPU.ActiveCfg = Release|Any CPU
		{CAB18FD0-6357-4634-95D0-CDBDDD887D9F}.Release|Any CPU.Build.0 = Release|Any CPU
		{C6847A17-A0A2-44BD-9D4B-0CD17CDB47E1}.Debug|Any CPU.ActiveCfg = Debug|Any CPU
		{C6847A17-A0A2-44BD-9D4B-0CD17CDB47E1}.Debug|Any CPU.Build.0 = Debug|Any CPU
		{C6847A17-A0A2-44BD-9D4B-0CD17CDB47E1}.Release|Any CPU.ActiveCfg = Release|Any CPU
		{C6847A17-A0A2-44BD-9D4B-0CD17CDB47E1}.Release|Any CPU.Build.0 = Release|Any CPU
	EndGlobalSection
	GlobalSection(SolutionProperties) = preSolution
		HideSolutionNode = FALSE
	EndGlobalSection
	GlobalSection(NestedProjects) = preSolution
		{85F8DB7B-85BB-4E44-BE6A-6F9CE3104F5F} = {D8C36196-4A5D-40D5-A837-31000962098C}
		{D25BD415-398E-4D2D-A926-2CE4BEB485DF} = {D8C36196-4A5D-40D5-A837-31000962098C}
		{6CF1C654-2950-4D66-9A83-9812581A4EC0} = {D8C36196-4A5D-40D5-A837-31000962098C}
		{81E74C14-DF6D-4CEA-8464-975A2E1BAE38} = {D8C36196-4A5D-40D5-A837-31000962098C}
		{993DA02F-33D4-47A2-8707-4AC052B4B5A5} = {D8C36196-4A5D-40D5-A837-31000962098C}
		{2943D35B-4AC4-452A-9CA3-73E895663126} = {53D3AEF2-1867-4B98-B865-DFDC2D922574}
		{5389E4C3-6E73-4017-AFE0-C122C6380DF0} = {53D3AEF2-1867-4B98-B865-DFDC2D922574}
		{441427C6-DAB8-4DDA-A0CC-C2A5F0B1442C} = {53D3AEF2-1867-4B98-B865-DFDC2D922574}
		{B9A97A5B-CEBF-46F5-8723-F12C159769E5} = {53D3AEF2-1867-4B98-B865-DFDC2D922574}
		{328FB16F-1B8B-4261-9B57-74156063873F} = {53D3AEF2-1867-4B98-B865-DFDC2D922574}
		{9A7CCF58-FDB0-47EE-90D9-27FDB608D29D} = {53D3AEF2-1867-4B98-B865-DFDC2D922574}
		{BA706098-A6EA-4D9B-A3CB-85236BC97F9F} = {53D3AEF2-1867-4B98-B865-DFDC2D922574}
		{E0555DE2-B02E-4297-B3F2-9206076FA97E} = {DB953A5E-CE72-4975-ADC2-2219A5CB656D}
		{0937C4AD-19BC-4FA2-9570-ADF6F61083F7} = {DB953A5E-CE72-4975-ADC2-2219A5CB656D}
		{7D0471AE-CCA0-47E4-93A9-9C0D14290575} = {DB953A5E-CE72-4975-ADC2-2219A5CB656D}
		{CABF85E4-302F-4DA2-88C5-105554657930} = {DB953A5E-CE72-4975-ADC2-2219A5CB656D}
		{A2378F92-2B46-4731-826A-A68DF9687263} = {DB953A5E-CE72-4975-ADC2-2219A5CB656D}
		{D8F36407-841B-4203-A0BC-3DCB38ED60A7} = {DB953A5E-CE72-4975-ADC2-2219A5CB656D}
		{5637542F-692F-484D-A3A5-5F82701AF2C6} = {DB953A5E-CE72-4975-ADC2-2219A5CB656D}
		{FA6582B1-7726-499D-9D0B-1516DA5C59FF} = {DB953A5E-CE72-4975-ADC2-2219A5CB656D}
		{2F43CA18-E3D6-47E5-95EB-873CE404F005} = {DB953A5E-CE72-4975-ADC2-2219A5CB656D}
		{CAB18FD0-6357-4634-95D0-CDBDDD887D9F} = {DB953A5E-CE72-4975-ADC2-2219A5CB656D}
		{C6847A17-A0A2-44BD-9D4B-0CD17CDB47E1} = {DB953A5E-CE72-4975-ADC2-2219A5CB656D}
	EndGlobalSection
	GlobalSection(ExtensibilityGlobals) = postSolution
		SolutionGuid = {FEBB06A5-C46E-4298-96DF-D7D399431343}
	EndGlobalSection
EndGlobal
